
Microsoft Visual Studio Solution File, Format Version 12.00
# Visual Studio Version 17
VisualStudioVersion = 17.10.35122.118
MinimumVisualStudioVersion = 10.0.40219.1
Project("{FAE04EC0-301F-11D3-BF4B-00C04F79EFBC}") = "AEBackendCodeChallenge", "AEBackendCodeChallenge\AEBackendCodeChallenge.csproj", "{2713D4B0-E6A6-4079-B741-06F50619FDEF}"
EndProject
Project("{FAE04EC0-301F-11D3-BF4B-00C04F79EFBC}") = "AEBackendCodeChallenge.Test", "AEBackendCodeChallenge.Test\AEBackendCodeChallenge.Test.csproj", "{788E3E07-5AAA-45BC-BB14-8754A45044C3}"
EndProject
Global
	GlobalSection(SolutionConfigurationPlatforms) = preSolution
		Debug|Any CPU = Debug|Any CPU
		Release|Any CPU = Release|Any CPU
	EndGlobalSection
	GlobalSection(ProjectConfigurationPlatforms) = postSolution
		{2713D4B0-E6A6-4079-B741-06F50619FDEF}.Debug|Any CPU.ActiveCfg = Debug|Any CPU
		{2713D4B0-E6A6-4079-B741-06F50619FDEF}.Debug|Any CPU.Build.0 = Debug|Any CPU
		{2713D4B0-E6A6-4079-B741-06F50619FDEF}.Release|Any CPU.ActiveCfg = Release|Any CPU
		{2713D4B0-E6A6-4079-B741-06F50619FDEF}.Release|Any CPU.Build.0 = Release|Any CPU
		{788E3E07-5AAA-45BC-BB14-8754A45044C3}.Debug|Any CPU.ActiveCfg = Debug|Any CPU
		{788E3E07-5AAA-45BC-BB14-8754A45044C3}.Debug|Any CPU.Build.0 = Debug|Any CPU
		{788E3E07-5AAA-45BC-BB14-8754A45044C3}.Release|Any CPU.ActiveCfg = Release|Any CPU
		{788E3E07-5AAA-45BC-BB14-8754A45044C3}.Release|Any CPU.Build.0 = Release|Any CPU
	EndGlobalSection
	GlobalSection(SolutionProperties) = preSolution
		HideSolutionNode = FALSE
	EndGlobalSection
	GlobalSection(ExtensibilityGlobals) = postSolution
		SolutionGuid = {95B0ACE4-59B5-4F48-8119-244CFB8A79C9}
	EndGlobalSection
EndGlobal
